
Microsoft Visual Studio Solution File, Format Version 12.00
# Visual Studio Version 16
VisualStudioVersion = 16.0.28803.202
MinimumVisualStudioVersion = 10.0.40219.1
Project("{9A19103F-16F7-4668-BE54-9A1E7A4F7556}") = "Nancy", "Nancy\src\Nancy\Nancy.csproj", "{32A92DDF-D5D1-4D04-82C0-D4880D10A06C}"
EndProject
Project("{FAE04EC0-301F-11D3-BF4B-00C04F79EFBC}") = "Mirror_Beatmap", "Mirror_Beatmap\Mirror_Beatmap.csproj", "{F62D2E7F-3FF3-460D-A118-9EB920D031AB}"
EndProject
Global
	GlobalSection(SolutionConfigurationPlatforms) = preSolution
		Debug|Any CPU = Debug|Any CPU
		Release|Any CPU = Release|Any CPU
	EndGlobalSection
	GlobalSection(ProjectConfigurationPlatforms) = postSolution
		{32A92DDF-D5D1-4D04-82C0-D4880D10A06C}.Debug|Any CPU.ActiveCfg = Debug|Any CPU
		{32A92DDF-D5D1-4D04-82C0-D4880D10A06C}.Debug|Any CPU.Build.0 = Debug|Any CPU
		{32A92DDF-D5D1-4D04-82C0-D4880D10A06C}.Release|Any CPU.ActiveCfg = Release|Any CPU
		{32A92DDF-D5D1-4D04-82C0-D4880D10A06C}.Release|Any CPU.Build.0 = Release|Any CPU
		{F62D2E7F-3FF3-460D-A118-9EB920D031AB}.Debug|Any CPU.ActiveCfg = Debug|Any CPU
		{F62D2E7F-3FF3-460D-A118-9EB920D031AB}.Debug|Any CPU.Build.0 = Debug|Any CPU
		{F62D2E7F-3FF3-460D-A118-9EB920D031AB}.Release|Any CPU.ActiveCfg = Release|Any CPU
		{F62D2E7F-3FF3-460D-A118-9EB920D031AB}.Release|Any CPU.Build.0 = Release|Any CPU
	EndGlobalSection
	GlobalSection(SolutionProperties) = preSolution
		HideSolutionNode = FALSE
	EndGlobalSection
	GlobalSection(ExtensibilityGlobals) = postSolution
		SolutionGuid = {A6F32263-B709-43F1-8E82-0A78AF8D0CA4}
	EndGlobalSection
EndGlobal
